
Microsoft Visual Studio Solution File, Format Version 12.00
# Visual Studio Version 16
VisualStudioVersion = 16.0.31729.503
MinimumVisualStudioVersion = 10.0.40219.1
Project("{FAE04EC0-301F-11D3-BF4B-00C04F79EFBC}") = "Negrea_Georgiana_Lab2", "Negrea_Georgiana_Lab2.csproj", "{E829CAD5-822D-417B-A22C-72B384041CAC}"
EndProject
Global
	GlobalSection(SolutionConfigurationPlatforms) = preSolution
		Debug|Any CPU = Debug|Any CPU
		Release|Any CPU = Release|Any CPU
	EndGlobalSection
	GlobalSection(ProjectConfigurationPlatforms) = postSolution
		{E829CAD5-822D-417B-A22C-72B384041CAC}.Debug|Any CPU.ActiveCfg = Debug|Any CPU
		{E829CAD5-822D-417B-A22C-72B384041CAC}.Debug|Any CPU.Build.0 = Debug|Any CPU
		{E829CAD5-822D-417B-A22C-72B384041CAC}.Release|Any CPU.ActiveCfg = Release|Any CPU
		{E829CAD5-822D-417B-A22C-72B384041CAC}.Release|Any CPU.Build.0 = Release|Any CPU
	EndGlobalSection
	GlobalSection(SolutionProperties) = preSolution
		HideSolutionNode = FALSE
	EndGlobalSection
	GlobalSection(ExtensibilityGlobals) = postSolution
		SolutionGuid = {04583487-1A71-4AC7-B276-3131006B8219}
	EndGlobalSection
EndGlobal
